
Microsoft Visual Studio Solution File, Format Version 12.00
# Visual Studio Version 17
VisualStudioVersion = 17.5.002.0
MinimumVisualStudioVersion = 10.0.40219.1
Project("{9A19103F-16F7-4668-BE54-9A1E7A4F7556}") = "Surfs-Up", "Surfs-Up.csproj", "{13652002-64EF-45C1-B092-8DAE7813F198}"
EndProject
Global
	GlobalSection(SolutionConfigurationPlatforms) = preSolution
		Debug|Any CPU = Debug|Any CPU
		Release|Any CPU = Release|Any CPU
	EndGlobalSection
	GlobalSection(ProjectConfigurationPlatforms) = postSolution
		{13652002-64EF-45C1-B092-8DAE7813F198}.Debug|Any CPU.ActiveCfg = Debug|Any CPU
		{13652002-64EF-45C1-B092-8DAE7813F198}.Debug|Any CPU.Build.0 = Debug|Any CPU
		{13652002-64EF-45C1-B092-8DAE7813F198}.Release|Any CPU.ActiveCfg = Release|Any CPU
		{13652002-64EF-45C1-B092-8DAE7813F198}.Release|Any CPU.Build.0 = Release|Any CPU
	EndGlobalSection
	GlobalSection(SolutionProperties) = preSolution
		HideSolutionNode = FALSE
	EndGlobalSection
	GlobalSection(ExtensibilityGlobals) = postSolution
		SolutionGuid = {FE441438-5A38-4F76-84BC-3245D5DB23DF}
	EndGlobalSection
EndGlobal
